# This file is automatically @generated by Cargo.
# It is not intended for manual editing.
version = 4

[[package]]
name = "buddy-alloc"
version = "0.6.0"
source = "registry+https://github.com/rust-lang/crates.io-index"
checksum = "ee741d62dcaf41ca303576ef890989ccb01d5dd77f8ce1a6d6c7846ab5d09efb"

[[package]]
name = "cc"
version = "1.2.60"
source = "registry+https://github.com/rust-lang/crates.io-index"
checksum = "43c5703da9466b66a946814e1adf53ea2c90f10063b86290cc9eb67ce3478a20"
dependencies = [
 "find-msvc-tools",
 "shlex",
]

[[package]]
name = "cellnames-always-success"
version = "0.1.0"
dependencies = [
 "ckb-std",
]

[[package]]
name = "ckb-std"
version = "1.1.0"
source = "registry+https://github.com/rust-lang/crates.io-index"
checksum = "7defadecfc39d5a25cddf11d86308130d745262f8f006bd9f602e7c968596460"
dependencies = [
 "buddy-alloc",
 "cc",
 "gcd",
 "int-enum",
]

[[package]]
name = "find-msvc-tools"
version = "0.1.9"
source = "registry+https://github.com/rust-lang/crates.io-index"
checksum = "5baebc0774151f905a1a2cc41989300b1e6fbb29aff0ceffa1064fdd3088d582"

[[package]]
name = "gcd"
version = "2.3.0"
source = "registry+https://github.com/rust-lang/crates.io-index"
checksum = "1d758ba1b47b00caf47f24925c0074ecb20d6dfcffe7f6d53395c0465674841a"

[[package]]
name = "int-enum"
version = "1.2.0"
source = "registry+https://github.com/rust-lang/crates.io-index"
checksum = "e366a1634cccc76b4cfd3e7580de9b605e4d93f1edac48d786c1f867c0def495"
dependencies = [
 "proc-macro2",
 "proc-macro2-diagnostics",
 "quote",
 "syn",
]

[[package]]
name = "proc-macro2"
version = "1.0.106"
source = "registry+https://github.com/rust-lang/crates.io-index"
checksum = "8fd00f0bb2e90d81d1044c2b32617f68fcb9fa3bb7640c23e9c748e53fb30934"
dependencies = [
 "unicode-ident",
]

[[package]]
name = "proc-macro2-diagnostics"
version = "0.10.1"
source = "registry+https://github.com/rust-lang/crates.io-index"
checksum = "af066a9c399a26e020ada66a034357a868728e72cd426f3adcd35f80d88d88c8"
dependencies = [
 "proc-macro2",
 "quote",
 "syn",
 "version_check",
]

[[package]]
name = "quote"
version = "1.0.45"
source = "registry+https://github.com/rust-lang/crates.io-index"
checksum = "41f2619966050689382d2b44f664f4bc593e129785a36d6ee376ddf37259b924"
dependencies = [
 "proc-macro2",
]

[[package]]
name = "shlex"
version = "1.3.0"
source = "registry+https://github.com/rust-lang/crates.io-index"
checksum = "0fda2ff0d084019ba4d7c6f371c95d8fd75ce3524c3cb8fb653a3023f6323e64"

[[package]]
name = "syn"
version = "2.0.117"
source = "registry+https://github.com/rust-lang/crates.io-index"
checksum = "e665b8803e7b1d2a727f4023456bbbbe74da67099c585258af0ad9c5013b9b99"
dependencies = [
 "proc-macro2",
 "quote",
 "unicode-ident",
]

[[package]]
name = "unicode-ident"
version = "1.0.24"
source = "registry+https://github.com/rust-lang/crates.io-index"
checksum = "e6e4313cd5fcd3dad5cafa179702e2b244f760991f45397d14d4ebf38247da75"

[[package]]
name = "version_check"
version = "0.9.5"
source = "registry+https://github.com/rust-lang/crates.io-index"
checksum = "0b928f33d975fc6ad9f86c8f283853ad26bdd5b10b7f1542aa2fa15e2289105a"
